
Microsoft Visual Studio Solution File, Format Version 12.00
# Visual Studio Version 16
VisualStudioVersion = 16.0.29519.87
MinimumVisualStudioVersion = 10.0.40219.1
Project("{FAE04EC0-301F-11D3-BF4B-00C04F79EFBC}") = "Programa01_01", "Programa01_01\Programa01_01.csproj", "{8D2CB357-320A-4D22-856B-66B09B7D5C60}"
EndProject
Project("{FAE04EC0-301F-11D3-BF4B-00C04F79EFBC}") = "Programa01_02", "Programa01_02\Programa01_02.csproj", "{13630DF4-ED1D-4A9D-8CFE-DBE22E0008B9}"
EndProject
Project("{FAE04EC0-301F-11D3-BF4B-00C04F79EFBC}") = "Programa01_03", "Programa01_03\Programa01_03.csproj", "{C33932E3-56BF-4DCD-85F7-2D24D395BBF5}"
EndProject
Project("{FAE04EC0-301F-11D3-BF4B-00C04F79EFBC}") = "Programa01_04", "Programa01_04\Programa01_04.csproj", "{B20DA044-37B6-4511-BB86-16AE158DED4E}"
EndProject
Project("{FAE04EC0-301F-11D3-BF4B-00C04F79EFBC}") = "Programa01_05", "Programa01_05\Programa01_05.csproj", "{8E9F19D4-76A0-4947-9B1B-FC3FA4AC4E0E}"
EndProject
Project("{FAE04EC0-301F-11D3-BF4B-00C04F79EFBC}") = "Programa02_01", "Programa02_01\Programa02_01.csproj", "{BCEF38AF-6144-471A-8205-0EE23B8F31EB}"
EndProject
Project("{FAE04EC0-301F-11D3-BF4B-00C04F79EFBC}") = "Programa02_02", "Programa02_02\Programa02_02.csproj", "{EF2EB6F3-6651-47A0-B563-6F143419C48B}"
EndProject
Project("{FAE04EC0-301F-11D3-BF4B-00C04F79EFBC}") = "programa02_03", "programa02_03\programa02_03.csproj", "{8C07CFBF-F0E3-463C-A742-35D631E896C1}"
EndProject
Project("{FAE04EC0-301F-11D3-BF4B-00C04F79EFBC}") = "Practico01", "Practico01\Practico01.csproj", "{3F384D72-7D4F-476E-A54E-82854ECA8B09}"
EndProject
Project("{FAE04EC0-301F-11D3-BF4B-00C04F79EFBC}") = "Programa02_04", "Programa02_04\Programa02_04.csproj", "{896E5323-70FC-4AA1-BDA7-02E1F1FE8037}"
EndProject
Project("{FAE04EC0-301F-11D3-BF4B-00C04F79EFBC}") = "Programa03_01", "Programa03_01\Programa03_01.csproj", "{A93BFB56-4F66-44A5-A2BF-822EC1D4DE9B}"
EndProject
Project("{FAE04EC0-301F-11D3-BF4B-00C04F79EFBC}") = "Programa03_02", "Programa03_02\Programa03_02.csproj", "{874F4290-1B88-48FA-B58F-9893D34A75B2}"
EndProject
Project("{FAE04EC0-301F-11D3-BF4B-00C04F79EFBC}") = "Programa04_01", "Programa04_01\Programa04_01.csproj", "{4B28AA8C-9D4D-424C-BE23-B318CB16A7F7}"
EndProject
Project("{FAE04EC0-301F-11D3-BF4B-00C04F79EFBC}") = "Programa05_01", "Programa05_01\Programa05_01.csproj", "{7DF2D00F-9AA7-42C5-A756-5315135229CE}"
EndProject
Project("{FAE04EC0-301F-11D3-BF4B-00C04F79EFBC}") = "Programa05_02", "Programa05_02\Programa05_02.csproj", "{F993C41F-A3A5-4C06-8450-AAE1681A1020}"
EndProject
Project("{FAE04EC0-301F-11D3-BF4B-00C04F79EFBC}") = "Programa05_03", "Programa05_03\Programa05_03.csproj", "{955EEC6A-5743-4CD2-A0B8-63146C66D2E2}"
EndProject
Project("{FAE04EC0-301F-11D3-BF4B-00C04F79EFBC}") = "Programa05_04", "Programa05_04\Programa05_04.csproj", "{698C3CB5-CC6A-4992-8460-BF6790749144}"
EndProject
Project("{FAE04EC0-301F-11D3-BF4B-00C04F79EFBC}") = "Programa05_05", "Programa05_05\Programa05_05.csproj", "{7849DA32-7531-43BC-BDD8-50E4940BF4AA}"
EndProject
Project("{FAE04EC0-301F-11D3-BF4B-00C04F79EFBC}") = "Programa05_06", "Programa05_06\Programa05_06.csproj", "{78511CF5-1D59-4458-8295-AB99D78B86DB}"
EndProject
Project("{FAE04EC0-301F-11D3-BF4B-00C04F79EFBC}") = "Programa05_07", "Programa05_07\Programa05_07.csproj", "{7C41FBC3-529B-43F4-9186-60A80BB9EA66}"
EndProject
Project("{FAE04EC0-301F-11D3-BF4B-00C04F79EFBC}") = "LOTTERY", "LOTTERY\LOTTERY.csproj", "{E4118A90-CA62-4342-8BEE-F7181891A800}"
EndProject
Project("{FAE04EC0-301F-11D3-BF4B-00C04F79EFBC}") = "Programa05_08", "Programa05_08\Programa05_08.csproj", "{626C3A42-33B4-4AC3-B703-B8474DEABA7F}"
EndProject
Project("{FAE04EC0-301F-11D3-BF4B-00C04F79EFBC}") = "Programa06_01", "Programa06_01\Programa06_01.csproj", "{49838907-4ECD-4951-9A45-D91D7F060CD5}"
EndProject
Project("{FAE04EC0-301F-11D3-BF4B-00C04F79EFBC}") = "Programa06_02", "Programa06_02\Programa06_02.csproj", "{705E4CE0-A238-4838-A164-D1A29A4EE329}"
EndProject
Project("{FAE04EC0-301F-11D3-BF4B-00C04F79EFBC}") = "Programa06_03", "Programa06_03\Programa06_03.csproj", "{B909D5A2-55FD-4D24-857E-CB105F112F88}"
EndProject
Project("{FAE04EC0-301F-11D3-BF4B-00C04F79EFBC}") = "Programa06_04", "Programa06_04\Programa06_04.csproj", "{7B89CB61-15C6-4662-8DB6-5D14E06A37E5}"
EndProject
Project("{FAE04EC0-301F-11D3-BF4B-00C04F79EFBC}") = "Programa06_05", "Programa06_05\Programa06_05.csproj", "{DA1D3EEC-F7B4-4881-A452-767B856BDD18}"
EndProject
Project("{FAE04EC0-301F-11D3-BF4B-00C04F79EFBC}") = "Programa06_06", "Programa06_06\Programa06_06.csproj", "{0C1AD64B-487E-41F9-9AFB-CB4E045FC674}"
EndProject
Project("{FAE04EC0-301F-11D3-BF4B-00C04F79EFBC}") = "Programa06_07", "Programa06_07\Programa06_07.csproj", "{0C927E50-6B13-477B-8A39-EE74F61F86F1}"
EndProject
Project("{FAE04EC0-301F-11D3-BF4B-00C04F79EFBC}") = "Programa07_01", "Programa07_01\Programa07_01.csproj", "{6C0443E9-845A-4D0F-A286-48B95BEBD8AB}"
EndProject
Project("{FAE04EC0-301F-11D3-BF4B-00C04F79EFBC}") = "Programa07_02", "Programa07_02\Programa07_02.csproj", "{F73F2F23-D1C1-44F7-BDD5-E5710ABDC7C5}"
EndProject
Project("{FAE04EC0-301F-11D3-BF4B-00C04F79EFBC}") = "Programa07_03", "Programa07_03\Programa07_03.csproj", "{DB5F6B38-D3E6-427C-B371-CD1920CB6489}"
EndProject
Project("{FAE04EC0-301F-11D3-BF4B-00C04F79EFBC}") = "Programa07_04", "Programa07_04\Programa07_04.csproj", "{20344E7F-F4AC-401C-8C6C-D844F3CB21FE}"
EndProject
Project("{FAE04EC0-301F-11D3-BF4B-00C04F79EFBC}") = "Programa07_05", "Programa07_05\Programa07_05.csproj", "{E86BCA0C-B212-400A-A461-50391121E3C7}"
EndProject
Project("{FAE04EC0-301F-11D3-BF4B-00C04F79EFBC}") = "Programa07_06", "Programa07_06\Programa07_06.csproj", "{D690C34A-3BCE-48C3-9B22-7E2D83C79DE1}"
EndProject
Project("{FAE04EC0-301F-11D3-BF4B-00C04F79EFBC}") = "Programa07_07", "Programa07_07\Programa07_07.csproj", "{F3E055B0-36E6-4B2A-9DD2-1DEB2227CD48}"
EndProject
Project("{FAE04EC0-301F-11D3-BF4B-00C04F79EFBC}") = "Programa07_08", "Programa07_08\Programa07_08.csproj", "{EF20797D-2D9C-47AD-919D-20508C79032D}"
EndProject
Project("{FAE04EC0-301F-11D3-BF4B-00C04F79EFBC}") = "Programa08_01", "Programa08_01\Programa08_01.csproj", "{723CE31A-D18D-451F-B1F6-6A9C149ABEDF}"
EndProject
Project("{FAE04EC0-301F-11D3-BF4B-00C04F79EFBC}") = "Programa08_02", "Programa08_02\Programa08_02.csproj", "{2096C521-7FB6-464B-B8A5-BA0B5A79C55A}"
EndProject
Project("{FAE04EC0-301F-11D3-BF4B-00C04F79EFBC}") = "Programa08_03", "Programa08_03\Programa08_03.csproj", "{98027EDC-A4E2-485B-99B6-7823874E0216}"
EndProject
Project("{FAE04EC0-301F-11D3-BF4B-00C04F79EFBC}") = "Programa08_04", "Programa08_04\Programa08_04.csproj", "{DB15BAC1-CD7F-4BFB-92E8-F08750D66B99}"
EndProject
Project("{FAE04EC0-301F-11D3-BF4B-00C04F79EFBC}") = "Programa08_05", "Programa08_05\Programa08_05.csproj", "{00BAA6E2-C483-4DDF-AAF0-8A165E7FCFCF}"
EndProject
Project("{FAE04EC0-301F-11D3-BF4B-00C04F79EFBC}") = "Programa09_01", "Programa09_01\Programa09_01.csproj", "{9C9B4A60-C811-4CB1-8F24-369750F9CE01}"
EndProject
Project("{FAE04EC0-301F-11D3-BF4B-00C04F79EFBC}") = "Programa09_02", "Programa09_02\Programa09_02.csproj", "{8B157AB4-61F1-4C14-B466-92283EB1E517}"
EndProject
Project("{FAE04EC0-301F-11D3-BF4B-00C04F79EFBC}") = "Programa09_03", "Programa09_03\Programa09_03.csproj", "{CF402E7D-F788-4B3C-BF78-AD1E3A430C74}"
EndProject
Project("{FAE04EC0-301F-11D3-BF4B-00C04F79EFBC}") = "Programa09_04", "Programa09_04\Programa09_04.csproj", "{C08BD7C8-1D21-4312-A223-99ABF28146D5}"
EndProject
Project("{FAE04EC0-301F-11D3-BF4B-00C04F79EFBC}") = "Programa09_05", "Programa09_05\Programa09_05.csproj", "{0EB68A58-4A0F-4C0D-A2A3-19D72D3C1E45}"
EndProject
Project("{FAE04EC0-301F-11D3-BF4B-00C04F79EFBC}") = "Programa09_06", "Programa09_06\Programa09_06.csproj", "{2C9883D8-1653-49B4-B633-0309D623D541}"
EndProject
Project("{FAE04EC0-301F-11D3-BF4B-00C04F79EFBC}") = "Programa10_01", "Programa10_01\Programa10_01.csproj", "{771A3F7D-24E9-4334-9D16-7E7CA42D6B3D}"
EndProject
Project("{FAE04EC0-301F-11D3-BF4B-00C04F79EFBC}") = "Programa10_02", "Programa10_02\Programa10_02.csproj", "{30D07B23-A1FC-428A-B165-BB29CA52BBA9}"
EndProject
Project("{FAE04EC0-301F-11D3-BF4B-00C04F79EFBC}") = "Programa10_03", "Programa10_03\Programa10_03.csproj", "{9D29359F-B006-47F0-9606-E78A1E264656}"
EndProject
Project("{FAE04EC0-301F-11D3-BF4B-00C04F79EFBC}") = "Programa10_04", "Programa10_04\Programa10_04.csproj", "{00465480-4BDB-49B9-9142-3C5E37BEEAC9}"
EndProject
Project("{FAE04EC0-301F-11D3-BF4B-00C04F79EFBC}") = "Programa10_05", "Programa10_05\Programa10_05.csproj", "{773C18F4-11C1-41AE-AE5E-9386DCE5CDF1}"
EndProject
Global
	GlobalSection(SolutionConfigurationPlatforms) = preSolution
		Debug|Any CPU = Debug|Any CPU
		Release|Any CPU = Release|Any CPU
	EndGlobalSection
	GlobalSection(ProjectConfigurationPlatforms) = postSolution
		{8D2CB357-320A-4D22-856B-66B09B7D5C60}.Debug|Any CPU.ActiveCfg = Debug|Any CPU
		{8D2CB357-320A-4D22-856B-66B09B7D5C60}.Debug|Any CPU.Build.0 = Debug|Any CPU
		{8D2CB357-320A-4D22-856B-66B09B7D5C60}.Release|Any CPU.ActiveCfg = Release|Any CPU
		{8D2CB357-320A-4D22-856B-66B09B7D5C60}.Release|Any CPU.Build.0 = Release|Any CPU
		{13630DF4-ED1D-4A9D-8CFE-DBE22E0008B9}.Debug|Any CPU.ActiveCfg = Debug|Any CPU
		{13630DF4-ED1D-4A9D-8CFE-DBE22E0008B9}.Debug|Any CPU.Build.0 = Debug|Any CPU
		{13630DF4-ED1D-4A9D-8CFE-DBE22E0008B9}.Release|Any CPU.ActiveCfg = Release|Any CPU
		{13630DF4-ED1D-4A9D-8CFE-DBE22E0008B9}.Release|Any CPU.Build.0 = Release|Any CPU
		{C33932E3-56BF-4DCD-85F7-2D24D395BBF5}.Debug|Any CPU.ActiveCfg = Debug|Any CPU
		{C33932E3-56BF-4DCD-85F7-2D24D395BBF5}.Debug|Any CPU.Build.0 = Debug|Any CPU
		{C33932E3-56BF-4DCD-85F7-2D24D395BBF5}.Release|Any CPU.ActiveCfg = Release|Any CPU
		{C33932E3-56BF-4DCD-85F7-2D24D395BBF5}.Release|Any CPU.Build.0 = Release|Any CPU
		{B20DA044-37B6-4511-BB86-16AE158DED4E}.Debug|Any CPU.ActiveCfg = Debug|Any CPU
		{B20DA044-37B6-4511-BB86-16AE158DED4E}.Debug|Any CPU.Build.0 = Debug|Any CPU
		{B20DA044-37B6-4511-BB86-16AE158DED4E}.Release|Any CPU.ActiveCfg = Release|Any CPU
		{B20DA044-37B6-4511-BB86-16AE158DED4E}.Release|Any CPU.Build.0 = Release|Any CPU
		{8E9F19D4-76A0-4947-9B1B-FC3FA4AC4E0E}.Debug|Any CPU.ActiveCfg = Debug|Any CPU
		{8E9F19D4-76A0-4947-9B1B-FC3FA4AC4E0E}.Debug|Any CPU.Build.0 = Debug|Any CPU
		{8E9F19D4-76A0-4947-9B1B-FC3FA4AC4E0E}.Release|Any CPU.ActiveCfg = Release|Any CPU
		{8E9F19D4-76A0-4947-9B1B-FC3FA4AC4E0E}.Release|Any CPU.Build.0 = Release|Any CPU
		{BCEF38AF-6144-471A-8205-0EE23B8F31EB}.Debug|Any CPU.ActiveCfg = Debug|Any CPU
		{BCEF38AF-6144-471A-8205-0EE23B8F31EB}.Debug|Any CPU.Build.0 = Debug|Any CPU
		{BCEF38AF-6144-471A-8205-0EE23B8F31EB}.Release|Any CPU.ActiveCfg = Release|Any CPU
		{BCEF38AF-6144-471A-8205-0EE23B8F31EB}.Release|Any CPU.Build.0 = Release|Any CPU
		{EF2EB6F3-6651-47A0-B563-6F143419C48B}.Debug|Any CPU.ActiveCfg = Debug|Any CPU
		{EF2EB6F3-6651-47A0-B563-6F143419C48B}.Debug|Any CPU.Build.0 = Debug|Any CPU
		{EF2EB6F3-6651-47A0-B563-6F143419C48B}.Release|Any CPU.ActiveCfg = Release|Any CPU
		{EF2EB6F3-6651-47A0-B563-6F143419C48B}.Release|Any CPU.Build.0 = Release|Any CPU
		{8C07CFBF-F0E3-463C-A742-35D631E896C1}.Debug|Any CPU.ActiveCfg = Debug|Any CPU
		{8C07CFBF-F0E3-463C-A742-35D631E896C1}.Debug|Any CPU.Build.0 = Debug|Any CPU
		{8C07CFBF-F0E3-463C-A742-35D631E896C1}.Release|Any CPU.ActiveCfg = Release|Any CPU
		{8C07CFBF-F0E3-463C-A742-35D631E896C1}.Release|Any CPU.Build.0 = Release|Any CPU
		{3F384D72-7D4F-476E-A54E-82854ECA8B09}.Debug|Any CPU.ActiveCfg = Debug|Any CPU
		{3F384D72-7D4F-476E-A54E-82854ECA8B09}.Debug|Any CPU.Build.0 = Debug|Any CPU
		{3F384D72-7D4F-476E-A54E-82854ECA8B09}.Release|Any CPU.ActiveCfg = Release|Any CPU
		{3F384D72-7D4F-476E-A54E-82854ECA8B09}.Release|Any CPU.Build.0 = Release|Any CPU
		{896E5323-70FC-4AA1-BDA7-02E1F1FE8037}.Debug|Any CPU.ActiveCfg = Debug|Any CPU
		{896E5323-70FC-4AA1-BDA7-02E1F1FE8037}.Debug|Any CPU.Build.0 = Debug|Any CPU
		{896E5323-70FC-4AA1-BDA7-02E1F1FE8037}.Release|Any CPU.ActiveCfg = Release|Any CPU
		{896E5323-70FC-4AA1-BDA7-02E1F1FE8037}.Release|Any CPU.Build.0 = Release|Any CPU
		{A93BFB56-4F66-44A5-A2BF-822EC1D4DE9B}.Debug|Any CPU.ActiveCfg = Debug|Any CPU
		{A93BFB56-4F66-44A5-A2BF-822EC1D4DE9B}.Debug|Any CPU.Build.0 = Debug|Any CPU
		{A93BFB56-4F66-44A5-A2BF-822EC1D4DE9B}.Release|Any CPU.ActiveCfg = Release|Any CPU
		{A93BFB56-4F66-44A5-A2BF-822EC1D4DE9B}.Release|Any CPU.Build.0 = Release|Any CPU
		{874F4290-1B88-48FA-B58F-9893D34A75B2}.Debug|Any CPU.ActiveCfg = Debug|Any CPU
		{874F4290-1B88-48FA-B58F-9893D34A75B2}.Debug|Any CPU.Build.0 = Debug|Any CPU
		{874F4290-1B88-48FA-B58F-9893D34A75B2}.Release|Any CPU.ActiveCfg = Release|Any CPU
		{874F4290-1B88-48FA-B58F-9893D34A75B2}.Release|Any CPU.Build.0 = Release|Any CPU
		{4B28AA8C-9D4D-424C-BE23-B318CB16A7F7}.Debug|Any CPU.ActiveCfg = Debug|Any CPU
		{4B28AA8C-9D4D-424C-BE23-B318CB16A7F7}.Debug|Any CPU.Build.0 = Debug|Any CPU
		{4B28AA8C-9D4D-424C-BE23-B318CB16A7F7}.Release|Any CPU.ActiveCfg = Release|Any CPU
		{4B28AA8C-9D4D-424C-BE23-B318CB16A7F7}.Release|Any CPU.Build.0 = Release|Any CPU
		{7DF2D00F-9AA7-42C5-A756-5315135229CE}.Debug|Any CPU.ActiveCfg = Debug|Any CPU
		{7DF2D00F-9AA7-42C5-A756-5315135229CE}.Debug|Any CPU.Build.0 = Debug|Any CPU
		{7DF2D00F-9AA7-42C5-A756-5315135229CE}.Release|Any CPU.ActiveCfg = Release|Any CPU
		{7DF2D00F-9AA7-42C5-A756-5315135229CE}.Release|Any CPU.Build.0 = Release|Any CPU
		{F993C41F-A3A5-4C06-8450-AAE1681A1020}.Debug|Any CPU.ActiveCfg = Debug|Any CPU
		{F993C41F-A3A5-4C06-8450-AAE1681A1020}.Debug|Any CPU.Build.0 = Debug|Any CPU
		{F993C41F-A3A5-4C06-8450-AAE1681A1020}.Release|Any CPU.ActiveCfg = Release|Any CPU
		{F993C41F-A3A5-4C06-8450-AAE1681A1020}.Release|Any CPU.Build.0 = Release|Any CPU
		{955EEC6A-5743-4CD2-A0B8-63146C66D2E2}.Debug|Any CPU.ActiveCfg = Debug|Any CPU
		{955EEC6A-5743-4CD2-A0B8-63146C66D2E2}.Debug|Any CPU.Build.0 = Debug|Any CPU
		{955EEC6A-5743-4CD2-A0B8-63146C66D2E2}.Release|Any CPU.ActiveCfg = Release|Any CPU
		{955EEC6A-5743-4CD2-A0B8-63146C66D2E2}.Release|Any CPU.Build.0 = Release|Any CPU
		{698C3CB5-CC6A-4992-8460-BF6790749144}.Debug|Any CPU.ActiveCfg = Debug|Any CPU
		{698C3CB5-CC6A-4992-8460-BF6790749144}.Debug|Any CPU.Build.0 = Debug|Any CPU
		{698C3CB5-CC6A-4992-8460-BF6790749144}.Release|Any CPU.ActiveCfg = Release|Any CPU
		{698C3CB5-CC6A-4992-8460-BF6790749144}.Release|Any CPU.Build.0 = Release|Any CPU
		{7849DA32-7531-43BC-BDD8-50E4940BF4AA}.Debug|Any CPU.ActiveCfg = Debug|Any CPU
		{7849DA32-7531-43BC-BDD8-50E4940BF4AA}.Debug|Any CPU.Build.0 = Debug|Any CPU
		{7849DA32-7531-43BC-BDD8-50E4940BF4AA}.Release|Any CPU.ActiveCfg = Release|Any CPU
		{7849DA32-7531-43BC-BDD8-50E4940BF4AA}.Release|Any CPU.Build.0 = Release|Any CPU
		{78511CF5-1D59-4458-8295-AB99D78B86DB}.Debug|Any CPU.ActiveCfg = Debug|Any CPU
		{78511CF5-1D59-4458-8295-AB99D78B86DB}.Debug|Any CPU.Build.0 = Debug|Any CPU
		{78511CF5-1D59-4458-8295-AB99D78B86DB}.Release|Any CPU.ActiveCfg = Release|Any CPU
		{78511CF5-1D59-4458-8295-AB99D78B86DB}.Release|Any CPU.Build.0 = Release|Any CPU
		{7C41FBC3-529B-43F4-9186-60A80BB9EA66}.Debug|Any CPU.ActiveCfg = Debug|Any CPU
		{7C41FBC3-529B-43F4-9186-60A80BB9EA66}.Debug|Any CPU.Build.0 = Debug|Any CPU
		{7C41FBC3-529B-43F4-9186-60A80BB9EA66}.Release|Any CPU.ActiveCfg = Release|Any CPU
		{7C41FBC3-529B-43F4-9186-60A80BB9EA66}.Release|Any CPU.Build.0 = Release|Any CPU
		{E4118A90-CA62-4342-8BEE-F7181891A800}.Debug|Any CPU.ActiveCfg = Debug|Any CPU
		{E4118A90-CA62-4342-8BEE-F7181891A800}.Debug|Any CPU.Build.0 = Debug|Any CPU
		{E4118A90-CA62-4342-8BEE-F7181891A800}.Release|Any CPU.ActiveCfg = Release|Any CPU
		{E4118A90-CA62-4342-8BEE-F7181891A800}.Release|Any CPU.Build.0 = Release|Any CPU
		{626C3A42-33B4-4AC3-B703-B8474DEABA7F}.Debug|Any CPU.ActiveCfg = Debug|Any CPU
		{626C3A42-33B4-4AC3-B703-B8474DEABA7F}.Debug|Any CPU.Build.0 = Debug|Any CPU
		{626C3A42-33B4-4AC3-B703-B8474DEABA7F}.Release|Any CPU.ActiveCfg = Release|Any CPU
		{626C3A42-33B4-4AC3-B703-B8474DEABA7F}.Release|Any CPU.Build.0 = Release|Any CPU
		{49838907-4ECD-4951-9A45-D91D7F060CD5}.Debug|Any CPU.ActiveCfg = Debug|Any CPU
		{49838907-4ECD-4951-9A45-D91D7F060CD5}.Debug|Any CPU.Build.0 = Debug|Any CPU
		{49838907-4ECD-4951-9A45-D91D7F060CD5}.Release|Any CPU.ActiveCfg = Release|Any CPU
		{49838907-4ECD-4951-9A45-D91D7F060CD5}.Release|Any CPU.Build.0 = Release|Any CPU
		{705E4CE0-A238-4838-A164-D1A29A4EE329}.Debug|Any CPU.ActiveCfg = Debug|Any CPU
		{705E4CE0-A238-4838-A164-D1A29A4EE329}.Debug|Any CPU.Build.0 = Debug|Any CPU
		{705E4CE0-A238-4838-A164-D1A29A4EE329}.Release|Any CPU.ActiveCfg = Release|Any CPU
		{705E4CE0-A238-4838-A164-D1A29A4EE329}.Release|Any CPU.Build.0 = Release|Any CPU
		{B909D5A2-55FD-4D24-857E-CB105F112F88}.Debug|Any CPU.ActiveCfg = Debug|Any CPU
		{B909D5A2-55FD-4D24-857E-CB105F112F88}.Debug|Any CPU.Build.0 = Debug|Any CPU
		{B909D5A2-55FD-4D24-857E-CB105F112F88}.Release|Any CPU.ActiveCfg = Release|Any CPU
		{B909D5A2-55FD-4D24-857E-CB105F112F88}.Release|Any CPU.Build.0 = Release|Any CPU
		{7B89CB61-15C6-4662-8DB6-5D14E06A37E5}.Debug|Any CPU.ActiveCfg = Debug|Any CPU
		{7B89CB61-15C6-4662-8DB6-5D14E06A37E5}.Debug|Any CPU.Build.0 = Debug|Any CPU
		{7B89CB61-15C6-4662-8DB6-5D14E06A37E5}.Release|Any CPU.ActiveCfg = Release|Any CPU
		{7B89CB61-15C6-4662-8DB6-5D14E06A37E5}.Release|Any CPU.Build.0 = Release|Any CPU
		{DA1D3EEC-F7B4-4881-A452-767B856BDD18}.Debug|Any CPU.ActiveCfg = Debug|Any CPU
		{DA1D3EEC-F7B4-4881-A452-767B856BDD18}.Debug|Any CPU.Build.0 = Debug|Any CPU
		{DA1D3EEC-F7B4-4881-A452-767B856BDD18}.Release|Any CPU.ActiveCfg = Release|Any CPU
		{DA1D3EEC-F7B4-4881-A452-767B856BDD18}.Release|Any CPU.Build.0 = Release|Any CPU
		{0C1AD64B-487E-41F9-9AFB-CB4E045FC674}.Debug|Any CPU.ActiveCfg = Debug|Any CPU
		{0C1AD64B-487E-41F9-9AFB-CB4E045FC674}.Debug|Any CPU.Build.0 = Debug|Any CPU
		{0C1AD64B-487E-41F9-9AFB-CB4E045FC674}.Release|Any CPU.ActiveCfg = Release|Any CPU
		{0C1AD64B-487E-41F9-9AFB-CB4E045FC674}.Release|Any CPU.Build.0 = Release|Any CPU
		{0C927E50-6B13-477B-8A39-EE74F61F86F1}.Debug|Any CPU.ActiveCfg = Debug|Any CPU
		{0C927E50-6B13-477B-8A39-EE74F61F86F1}.Debug|Any CPU.Build.0 = Debug|Any CPU
		{0C927E50-6B13-477B-8A39-EE74F61F86F1}.Release|Any CPU.ActiveCfg = Release|Any CPU
		{0C927E50-6B13-477B-8A39-EE74F61F86F1}.Release|Any CPU.Build.0 = Release|Any CPU
		{6C0443E9-845A-4D0F-A286-48B95BEBD8AB}.Debug|Any CPU.ActiveCfg = Debug|Any CPU
		{6C0443E9-845A-4D0F-A286-48B95BEBD8AB}.Debug|Any CPU.Build.0 = Debug|Any CPU
		{6C0443E9-845A-4D0F-A286-48B95BEBD8AB}.Release|Any CPU.ActiveCfg = Release|Any CPU
		{6C0443E9-845A-4D0F-A286-48B95BEBD8AB}.Release|Any CPU.Build.0 = Release|Any CPU
		{F73F2F23-D1C1-44F7-BDD5-E5710ABDC7C5}.Debug|Any CPU.ActiveCfg = Debug|Any CPU
		{F73F2F23-D1C1-44F7-BDD5-E5710ABDC7C5}.Debug|Any CPU.Build.0 = Debug|Any CPU
		{F73F2F23-D1C1-44F7-BDD5-E5710ABDC7C5}.Release|Any CPU.ActiveCfg = Release|Any CPU
		{F73F2F23-D1C1-44F7-BDD5-E5710ABDC7C5}.Release|Any CPU.Build.0 = Release|Any CPU
		{DB5F6B38-D3E6-427C-B371-CD1920CB6489}.Debug|Any CPU.ActiveCfg = Debug|Any CPU
		{DB5F6B38-D3E6-427C-B371-CD1920CB6489}.Debug|Any CPU.Build.0 = Debug|Any CPU
		{DB5F6B38-D3E6-427C-B371-CD1920CB6489}.Release|Any CPU.ActiveCfg = Release|Any CPU
		{DB5F6B38-D3E6-427C-B371-CD1920CB6489}.Release|Any CPU.Build.0 = Release|Any CPU
		{20344E7F-F4AC-401C-8C6C-D844F3CB21FE}.Debug|Any CPU.ActiveCfg = Debug|Any CPU
		{20344E7F-F4AC-401C-8C6C-D844F3CB21FE}.Debug|Any CPU.Build.0 = Debug|Any CPU
		{20344E7F-F4AC-401C-8C6C-D844F3CB21FE}.Release|Any CPU.ActiveCfg = Release|Any CPU
		{20344E7F-F4AC-401C-8C6C-D844F3CB21FE}.Release|Any CPU.Build.0 = Release|Any CPU
		{E86BCA0C-B212-400A-A461-50391121E3C7}.Debug|Any CPU.ActiveCfg = Debug|Any CPU
		{E86BCA0C-B212-400A-A461-50391121E3C7}.Debug|Any CPU.Build.0 = Debug|Any CPU
		{E86BCA0C-B212-400A-A461-50391121E3C7}.Release|Any CPU.ActiveCfg = Release|Any CPU
		{E86BCA0C-B212-400A-A461-50391121E3C7}.Release|Any CPU.Build.0 = Release|Any CPU
		{D690C34A-3BCE-48C3-9B22-7E2D83C79DE1}.Debug|Any CPU.ActiveCfg = Debug|Any CPU
		{D690C34A-3BCE-48C3-9B22-7E2D83C79DE1}.Debug|Any CPU.Build.0 = Debug|Any CPU
		{D690C34A-3BCE-48C3-9B22-7E2D83C79DE1}.Release|Any CPU.ActiveCfg = Release|Any CPU
		{D690C34A-3BCE-48C3-9B22-7E2D83C79DE1}.Release|Any CPU.Build.0 = Release|Any CPU
		{F3E055B0-36E6-4B2A-9DD2-1DEB2227CD48}.Debug|Any CPU.ActiveCfg = Debug|Any CPU
		{F3E055B0-36E6-4B2A-9DD2-1DEB2227CD48}.Debug|Any CPU.Build.0 = Debug|Any CPU
		{F3E055B0-36E6-4B2A-9DD2-1DEB2227CD48}.Release|Any CPU.ActiveCfg = Release|Any CPU
		{F3E055B0-36E6-4B2A-9DD2-1DEB2227CD48}.Release|Any CPU.Build.0 = Release|Any CPU
		{EF20797D-2D9C-47AD-919D-20508C79032D}.Debug|Any CPU.ActiveCfg = Debug|Any CPU
		{EF20797D-2D9C-47AD-919D-20508C79032D}.Debug|Any CPU.Build.0 = Debug|Any CPU
		{EF20797D-2D9C-47AD-919D-20508C79032D}.Release|Any CPU.ActiveCfg = Release|Any CPU
		{EF20797D-2D9C-47AD-919D-20508C79032D}.Release|Any CPU.Build.0 = Release|Any CPU
		{723CE31A-D18D-451F-B1F6-6A9C149ABEDF}.Debug|Any CPU.ActiveCfg = Debug|Any CPU
		{723CE31A-D18D-451F-B1F6-6A9C149ABEDF}.Debug|Any CPU.Build.0 = Debug|Any CPU
		{723CE31A-D18D-451F-B1F6-6A9C149ABEDF}.Release|Any CPU.ActiveCfg = Release|Any CPU
		{723CE31A-D18D-451F-B1F6-6A9C149ABEDF}.Release|Any CPU.Build.0 = Release|Any CPU
		{2096C521-7FB6-464B-B8A5-BA0B5A79C55A}.Debug|Any CPU.ActiveCfg = Debug|Any CPU
		{2096C521-7FB6-464B-B8A5-BA0B5A79C55A}.Debug|Any CPU.Build.0 = Debug|Any CPU
		{2096C521-7FB6-464B-B8A5-BA0B5A79C55A}.Release|Any CPU.ActiveCfg = Release|Any CPU
		{2096C521-7FB6-464B-B8A5-BA0B5A79C55A}.Release|Any CPU.Build.0 = Release|Any CPU
		{98027EDC-A4E2-485B-99B6-7823874E0216}.Debug|Any CPU.ActiveCfg = Debug|Any CPU
		{98027EDC-A4E2-485B-99B6-7823874E0216}.Debug|Any CPU.Build.0 = Debug|Any CPU
		{98027EDC-A4E2-485B-99B6-7823874E0216}.Release|Any CPU.ActiveCfg = Release|Any CPU
		{98027EDC-A4E2-485B-99B6-7823874E0216}.Release|Any CPU.Build.0 = Release|Any CPU
		{DB15BAC1-CD7F-4BFB-92E8-F08750D66B99}.Debug|Any CPU.ActiveCfg = Debug|Any CPU
		{DB15BAC1-CD7F-4BFB-92E8-F08750D66B99}.Debug|Any CPU.Build.0 = Debug|Any CPU
		{DB15BAC1-CD7F-4BFB-92E8-F08750D66B99}.Release|Any CPU.ActiveCfg = Release|Any CPU
		{DB15BAC1-CD7F-4BFB-92E8-F08750D66B99}.Release|Any CPU.Build.0 = Release|Any CPU
		{00BAA6E2-C483-4DDF-AAF0-8A165E7FCFCF}.Debug|Any CPU.ActiveCfg = Debug|Any CPU
		{00BAA6E2-C483-4DDF-AAF0-8A165E7FCFCF}.Debug|Any CPU.Build.0 = Debug|Any CPU
		{00BAA6E2-C483-4DDF-AAF0-8A165E7FCFCF}.Release|Any CPU.ActiveCfg = Release|Any CPU
		{00BAA6E2-C483-4DDF-AAF0-8A165E7FCFCF}.Release|Any CPU.Build.0 = Release|Any CPU
		{9C9B4A60-C811-4CB1-8F24-369750F9CE01}.Debug|Any CPU.ActiveCfg = Debug|Any CPU
		{9C9B4A60-C811-4CB1-8F24-369750F9CE01}.Debug|Any CPU.Build.0 = Debug|Any CPU
		{9C9B4A60-C811-4CB1-8F24-369750F9CE01}.Release|Any CPU.ActiveCfg = Release|Any CPU
		{9C9B4A60-C811-4CB1-8F24-369750F9CE01}.Release|Any CPU.Build.0 = Release|Any CPU
		{8B157AB4-61F1-4C14-B466-92283EB1E517}.Debug|Any CPU.ActiveCfg = Debug|Any CPU
		{8B157AB4-61F1-4C14-B466-92283EB1E517}.Debug|Any CPU.Build.0 = Debug|Any CPU
		{8B157AB4-61F1-4C14-B466-92283EB1E517}.Release|Any CPU.ActiveCfg = Release|Any CPU
		{8B157AB4-61F1-4C14-B466-92283EB1E517}.Release|Any CPU.Build.0 = Release|Any CPU
		{CF402E7D-F788-4B3C-BF78-AD1E3A430C74}.Debug|Any CPU.ActiveCfg = Debug|Any CPU
		{CF402E7D-F788-4B3C-BF78-AD1E3A430C74}.Debug|Any CPU.Build.0 = Debug|Any CPU
		{CF402E7D-F788-4B3C-BF78-AD1E3A430C74}.Release|Any CPU.ActiveCfg = Release|Any CPU
		{CF402E7D-F788-4B3C-BF78-AD1E3A430C74}.Release|Any CPU.Build.0 = Release|Any CPU
		{C08BD7C8-1D21-4312-A223-99ABF28146D5}.Debug|Any CPU.ActiveCfg = Debug|Any CPU
		{C08BD7C8-1D21-4312-A223-99ABF28146D5}.Debug|Any CPU.Build.0 = Debug|Any CPU
		{C08BD7C8-1D21-4312-A223-99ABF28146D5}.Release|Any CPU.ActiveCfg = Release|Any CPU
		{C08BD7C8-1D21-4312-A223-99ABF28146D5}.Release|Any CPU.Build.0 = Release|Any CPU
		{0EB68A58-4A0F-4C0D-A2A3-19D72D3C1E45}.Debug|Any CPU.ActiveCfg = Debug|Any CPU
		{0EB68A58-4A0F-4C0D-A2A3-19D72D3C1E45}.Debug|Any CPU.Build.0 = Debug|Any CPU
		{0EB68A58-4A0F-4C0D-A2A3-19D72D3C1E45}.Release|Any CPU.ActiveCfg = Release|Any CPU
		{0EB68A58-4A0F-4C0D-A2A3-19D72D3C1E45}.Release|Any CPU.Build.0 = Release|Any CPU
		{2C9883D8-1653-49B4-B633-0309D623D541}.Debug|Any CPU.ActiveCfg = Debug|Any CPU
		{2C9883D8-1653-49B4-B633-0309D623D541}.Debug|Any CPU.Build.0 = Debug|Any CPU
		{2C9883D8-1653-49B4-B633-0309D623D541}.Release|Any CPU.ActiveCfg = Release|Any CPU
		{2C9883D8-1653-49B4-B633-0309D623D541}.Release|Any CPU.Build.0 = Release|Any CPU
		{771A3F7D-24E9-4334-9D16-7E7CA42D6B3D}.Debug|Any CPU.ActiveCfg = Debug|Any CPU
		{771A3F7D-24E9-4334-9D16-7E7CA42D6B3D}.Debug|Any CPU.Build.0 = Debug|Any CPU
		{771A3F7D-24E9-4334-9D16-7E7CA42D6B3D}.Release|Any CPU.ActiveCfg = Release|Any CPU
		{771A3F7D-24E9-4334-9D16-7E7CA42D6B3D}.Release|Any CPU.Build.0 = Release|Any CPU
		{30D07B23-A1FC-428A-B165-BB29CA52BBA9}.Debug|Any CPU.ActiveCfg = Debug|Any CPU
		{30D07B23-A1FC-428A-B165-BB29CA52BBA9}.Debug|Any CPU.Build.0 = Debug|Any CPU
		{30D07B23-A1FC-428A-B165-BB29CA52BBA9}.Release|Any CPU.ActiveCfg = Release|Any CPU
		{30D07B23-A1FC-428A-B165-BB29CA52BBA9}.Release|Any CPU.Build.0 = Release|Any CPU
		{9D29359F-B006-47F0-9606-E78A1E264656}.Debug|Any CPU.ActiveCfg = Debug|Any CPU
		{9D29359F-B006-47F0-9606-E78A1E264656}.Debug|Any CPU.Build.0 = Debug|Any CPU
		{9D29359F-B006-47F0-9606-E78A1E264656}.Release|Any CPU.ActiveCfg = Release|Any CPU
		{9D29359F-B006-47F0-9606-E78A1E264656}.Release|Any CPU.Build.0 = Release|Any CPU
		{00465480-4BDB-49B9-9142-3C5E37BEEAC9}.Debug|Any CPU.ActiveCfg = Debug|Any CPU
		{00465480-4BDB-49B9-9142-3C5E37BEEAC9}.Debug|Any CPU.Build.0 = Debug|Any CPU
		{00465480-4BDB-49B9-9142-3C5E37BEEAC9}.Release|Any CPU.ActiveCfg = Release|Any CPU
		{00465480-4BDB-49B9-9142-3C5E37BEEAC9}.Release|Any CPU.Build.0 = Release|Any CPU
		{773C18F4-11C1-41AE-AE5E-9386DCE5CDF1}.Debug|Any CPU.ActiveCfg = Debug|Any CPU
		{773C18F4-11C1-41AE-AE5E-9386DCE5CDF1}.Debug|Any CPU.Build.0 = Debug|Any CPU
		{773C18F4-11C1-41AE-AE5E-9386DCE5CDF1}.Release|Any CPU.ActiveCfg = Release|Any CPU
		{773C18F4-11C1-41AE-AE5E-9386DCE5CDF1}.Release|Any CPU.Build.0 = Release|Any CPU
	EndGlobalSection
	GlobalSection(SolutionProperties) = preSolution
		HideSolutionNode = FALSE
	EndGlobalSection
	GlobalSection(ExtensibilityGlobals) = postSolution
		SolutionGuid = {3DC184B0-1E46-4E6B-BCFC-298454301447}
	EndGlobalSection
EndGlobal
